{
  "name": "Srapping",
  "lockfileVersion": 3,
  "requires": true,
  "packages": {
    "": {
      "dependencies": {
        "@codesandbox/sandpack-react": "^2.20.0",
        "axios": "^1.13.4",
        "clsx": "^2.1.1",
        "framer-motion": "^12.29.2",
        "lucide-react": "^0.563.0",
        "tailwind-merge": "^3.4.0"
      }
    },
    "node_modules/@codemirror/autocomplete": {
      "version": "6.20.0",
      "resolved": "https://registry.npmjs.org/@codemirror/autocomplete/-/autocomplete-6.20.0.tgz",
      "integrity": "sha512-bOwvTOIJcG5FVo5gUUupiwYh8MioPLQ4UcqbcRf7UQ98X90tCa9E1kZ3Z7tqwpZxYyOvh1YTYbmZE9RTfTp5hg==",
      "license": "MIT",
      "dependencies": {
        "@codemirror/language": "^6.0.0",
        "@codemirror/state": "^6.0.0",
        "@codemirror/view": "^6.17.0",
        "@lezer/common": "^1.0.0"
      }
    },
    "node_modules/@codemirror/commands": {
      "version": "6.10.1",
      "resolved": "https://registry.npmjs.org/@codemirror/commands/-/commands-6.10.1.tgz",
      "integrity": "sha512-uWDWFypNdQmz2y1LaNJzK7fL7TYKLeUAU0npEC685OKTF3KcQ2Vu3klIM78D7I6wGhktme0lh3CuQLv0ZCrD9Q==",
      "license": "MIT",
      "dependencies": {
        "@codemirror/language": "^6.0.0",
        "@codemirror/state": "^6.4.0",
        "@codemirror/view": "^6.27.0",
        "@lezer/common": "^1.1.0"
      }
    },
    "node_modules/@codemirror/lang-css": {
      "version": "6.3.1",
      "resolved": "https://registry.npmjs.org/@codemirror/lang-css/-/lang-css-6.3.1.tgz",
      "integrity": "sha512-kr5fwBGiGtmz6l0LSJIbno9QrifNMUusivHbnA1H6Dmqy4HZFte3UAICix1VuKo0lMPKQr2rqB+0BkKi/S3Ejg==",
      "license": "MIT",
      "dependencies": {
        "@codemirror/autocomplete": "^6.0.0",
        "@codemirror/language": "^6.0.0",
        "@codemirror/state": "^6.0.0",
        "@lezer/common": "^1.0.2",
        "@lezer/css": "^1.1.7"
      }
    },
    "node_modules/@codemirror/lang-html": {
      "version": "6.4.11",
      "resolved": "https://registry.npmjs.org/@codemirror/lang-html/-/lang-html-6.4.11.tgz",
      "integrity": "sha512-9NsXp7Nwp891pQchI7gPdTwBuSuT3K65NGTHWHNJ55HjYcHLllr0rbIZNdOzas9ztc1EUVBlHou85FFZS4BNnw==",
      "license": "MIT",
      "dependencies": {
        "@codemirror/autocomplete": "^6.0.0",
        "@codemirror/lang-css": "^6.0.0",
        "@codemirror/lang-javascript": "^6.0.0",
        "@codemirror/language": "^6.4.0",
        "@codemirror/state": "^6.0.0",
        "@codemirror/view": "^6.17.0",
        "@lezer/common": "^1.0.0",
        "@lezer/css": "^1.1.0",
        "@lezer/html": "^1.3.12"
      }
    },
    "node_modules/@codemirror/lang-javascript": {
      "version": "6.2.4",
      "resolved": "https://registry.npmjs.org/@codemirror/lang-javascript/-/lang-javascript-6.2.4.tgz",
      "integrity": "sha512-0WVmhp1QOqZ4Rt6GlVGwKJN3KW7Xh4H2q8ZZNGZaP6lRdxXJzmjm4FqvmOojVj6khWJHIb9sp7U/72W7xQgqAA==",
      "license": "MIT",
      "dependencies": {
        "@codemirror/autocomplete": "^6.0.0",
        "@codemirror/language": "^6.6.0",
        "@codemirror/lint": "^6.0.0",
        "@codemirror/state": "^6.0.0",
        "@codemirror/view": "^6.17.0",
        "@lezer/common": "^1.0.0",
        "@lezer/javascript": "^1.0.0"
      }
    },
    "node_modules/@codemirror/language": {
      "version": "6.12.1",
      "resolved": "https://registry.npmjs.org/@codemirror/language/-/language-6.12.1.tgz",
      "integrity": "sha512-Fa6xkSiuGKc8XC8Cn96T+TQHYj4ZZ7RdFmXA3i9xe/3hLHfwPZdM+dqfX0Cp0zQklBKhVD8Yzc8LS45rkqcwpQ==",
      "license": "MIT",
      "dependencies": {
        "@codemirror/state": "^6.0.0",
        "@codemirror/view": "^6.23.0",
        "@lezer/common": "^1.5.0",
        "@lezer/highlight": "^1.0.0",
        "@lezer/lr": "^1.0.0",
        "style-mod": "^4.0.0"
      }
    },
    "node_modules/@codemirror/lint": {
      "version": "6.9.3",
      "resolved": "https://registry.npmjs.org/@codemirror/lint/-/lint-6.9.3.tgz",
      "integrity": "sha512-y3YkYhdnhjDBAe0VIA0c4wVoFOvnp8CnAvfLqi0TqotIv92wIlAAP7HELOpLBsKwjAX6W92rSflA6an/2zBvXw==",
      "license": "MIT",
      "dependencies": {
        "@codemirror/state": "^6.0.0",
        "@codemirror/view": "^6.35.0",
        "crelt": "^1.0.5"
      }
    },
    "node_modules/@codemirror/state": {
      "version": "6.5.4",
      "resolved": "https://registry.npmjs.org/@codemirror/state/-/state-6.5.4.tgz",
      "integrity": "sha512-8y7xqG/hpB53l25CIoit9/ngxdfoG+fx+V3SHBrinnhOtLvKHRyAJJuHzkWrR4YXXLX8eXBsejgAAxHUOdW1yw==",
      "license": "MIT",
      "dependencies": {
        "@marijn/find-cluster-break": "^1.0.0"
      }
    },
    "node_modules/@codemirror/view": {
      "version": "6.39.12",
      "resolved": "https://registry.npmjs.org/@codemirror/view/-/view-6.39.12.tgz",
      "integrity": "sha512-f+/VsHVn/kOA9lltk/GFzuYwVVAKmOnNjxbrhkk3tPHntFqjWeI2TbIXx006YkBkqC10wZ4NsnWXCQiFPeAISQ==",
      "license": "MIT",
      "dependencies": {
        "@codemirror/state": "^6.5.0",
        "crelt": "^1.0.6",
        "style-mod": "^4.1.0",
        "w3c-keyname": "^2.2.4"
      }
    },
    "node_modules/@codesandbox/nodebox": {
      "version": "0.1.8",
      "resolved": "https://registry.npmjs.org/@codesandbox/nodebox/-/nodebox-0.1.8.tgz",
      "integrity": "sha512-2VRS6JDSk+M+pg56GA6CryyUSGPjBEe8Pnae0QL3jJF1mJZJVMDKr93gJRtBbLkfZN6LD/DwMtf+2L0bpWrjqg==",
      "license": "SEE LICENSE IN ./LICENSE",
      "dependencies": {
        "outvariant": "^1.4.0",
        "strict-event-emitter": "^0.4.3"
      }
    },
    "node_modules/@codesandbox/sandpack-client": {
      "version": "2.19.8",
      "resolved": "https://registry.npmjs.org/@codesandbox/sandpack-client/-/sandpack-client-2.19.8.tgz",
      "integrity": "sha512-CMV4nr1zgKzVpx4I3FYvGRM5YT0VaQhALMW9vy4wZRhEyWAtJITQIqZzrTGWqB1JvV7V72dVEUCUPLfYz5hgJQ==",
      "license": "Apache-2.0",
      "dependencies": {
        "@codesandbox/nodebox": "0.1.8",
        "buffer": "^6.0.3",
        "dequal": "^2.0.2",
        "mime-db": "^1.52.0",
        "outvariant": "1.4.0",
        "static-browser-server": "1.0.3"
      }
    },
    "node_modules/@codesandbox/sandpack-react": {
      "version": "2.20.0",
      "resolved": "https://registry.npmjs.org/@codesandbox/sandpack-react/-/sandpack-react-2.20.0.tgz",
      "integrity": "sha512-takd1YpW/PMQ6KPQfvseWLHWklJovGY8QYj8MtWnskGKbjOGJ6uZfyZbcJ6aCFLQMpNyjTqz9AKNbvhCOZ1TUQ==",
      "license": "Apache-2.0",
      "dependencies": {
        "@codemirror/autocomplete": "^6.4.0",
        "@codemirror/commands": "^6.1.3",
        "@codemirror/lang-css": "^6.0.1",
        "@codemirror/lang-html": "^6.4.0",
        "@codemirror/lang-javascript": "^6.1.2",
        "@codemirror/language": "^6.3.2",
        "@codemirror/state": "^6.2.0",
        "@codemirror/view": "^6.7.1",
        "@codesandbox/sandpack-client": "^2.19.8",
        "@lezer/highlight": "^1.1.3",
        "@react-hook/intersection-observer": "^3.1.1",
        "@stitches/core": "^1.2.6",
        "anser": "^2.1.1",
        "clean-set": "^1.1.2",
        "dequal": "^2.0.2",
        "escape-carriage": "^1.3.1",
        "lz-string": "^1.4.4",
        "react-devtools-inline": "4.4.0",
        "react-is": "^17.0.2"
      },
      "peerDependencies": {
        "react": "^16.8.0 || ^17 || ^18 || ^19",
        "react-dom": "^16.8.0 || ^17 || ^18 || ^19"
      }
    },
    "node_modules/@lezer/common": {
      "version": "1.5.0",
      "resolved": "https://registry.npmjs.org/@lezer/common/-/common-1.5.0.tgz",
      "integrity": "sha512-PNGcolp9hr4PJdXR4ix7XtixDrClScvtSCYW3rQG106oVMOOI+jFb+0+J3mbeL/53g1Zd6s0kJzaw6Ri68GmAA==",
      "license": "MIT"
    },
    "node_modules/@lezer/css": {
      "version": "1.3.0",
      "resolved": "https://registry.npmjs.org/@lezer/css/-/css-1.3.0.tgz",
      "integrity": "sha512-pBL7hup88KbI7hXnZV3PQsn43DHy6TWyzuyk2AO9UyoXcDltvIdqWKE1dLL/45JVZ+YZkHe1WVHqO6wugZZWcw==",
      "license": "MIT",
      "dependencies": {
        "@lezer/common": "^1.2.0",
        "@lezer/highlight": "^1.0.0",
        "@lezer/lr": "^1.3.0"
      }
    },
    "node_modules/@lezer/highlight": {
      "version": "1.2.3",
      "resolved": "https://registry.npmjs.org/@lezer/highlight/-/highlight-1.2.3.tgz",
      "integrity": "sha512-qXdH7UqTvGfdVBINrgKhDsVTJTxactNNxLk7+UMwZhU13lMHaOBlJe9Vqp907ya56Y3+ed2tlqzys7jDkTmW0g==",
      "license": "MIT",
      "dependencies": {
        "@lezer/common": "^1.3.0"
      }
    },
    "node_modules/@lezer/html": {
      "version": "1.3.13",
      "resolved": "https://registry.npmjs.org/@lezer/html/-/html-1.3.13.tgz",
      "integrity": "sha512-oI7n6NJml729m7pjm9lvLvmXbdoMoi2f+1pwSDJkl9d68zGr7a9Btz8NdHTGQZtW2DA25ybeuv/SyDb9D5tseg==",
      "license": "MIT",
      "dependencies": {
        "@lezer/common": "^1.2.0",
        "@lezer/highlight": "^1.0.0",
        "@lezer/lr": "^1.0.0"
      }
    },
    "node_modules/@lezer/javascript": {
      "version": "1.5.4",
      "resolved": "https://registry.npmjs.org/@lezer/javascript/-/javascript-1.5.4.tgz",
      "integrity": "sha512-vvYx3MhWqeZtGPwDStM2dwgljd5smolYD2lR2UyFcHfxbBQebqx8yjmFmxtJ/E6nN6u1D9srOiVWm3Rb4tmcUA==",
      "license": "MIT",
      "dependencies": {
        "@lezer/common": "^1.2.0",
        "@lezer/highlight": "^1.1.3",
        "@lezer/lr": "^1.3.0"
      }
    },
    "node_modules/@lezer/lr": {
      "version": "1.4.8",
      "resolved": "https://registry.npmjs.org/@lezer/lr/-/lr-1.4.8.tgz",
      "integrity": "sha512-bPWa0Pgx69ylNlMlPvBPryqeLYQjyJjqPx+Aupm5zydLIF3NE+6MMLT8Yi23Bd9cif9VS00aUebn+6fDIGBcDA==",
      "license": "MIT",
      "dependencies": {
        "@lezer/common": "^1.0.0"
      }
    },
    "node_modules/@marijn/find-cluster-break": {
      "version": "1.0.2",
      "resolved": "https://registry.npmjs.org/@marijn/find-cluster-break/-/find-cluster-break-1.0.2.tgz",
      "integrity": "sha512-l0h88YhZFyKdXIFNfSWpyjStDjGHwZ/U7iobcK1cQQD8sejsONdQtTVU+1wVN1PBw40PiiHB1vA5S7VTfQiP9g==",
      "license": "MIT"
    },
    "node_modules/@open-draft/deferred-promise": {
      "version": "2.2.0",
      "resolved": "https://registry.npmjs.org/@open-draft/deferred-promise/-/deferred-promise-2.2.0.tgz",
      "integrity": "sha512-CecwLWx3rhxVQF6V4bAgPS5t+So2sTbPgAzafKkVizyi7tlwpcFpdFqq+wqF2OwNBmqFuu6tOyouTuxgpMfzmA==",
      "license": "MIT"
    },
    "node_modules/@react-hook/intersection-observer": {
      "version": "3.1.2",
      "resolved": "https://registry.npmjs.org/@react-hook/intersection-observer/-/intersection-observer-3.1.2.tgz",
      "integrity": "sha512-mWU3BMkmmzyYMSuhO9wu3eJVP21N8TcgYm9bZnTrMwuM818bEk+0NRM3hP+c/TqA9Ln5C7qE53p1H0QMtzYdvQ==",
      "license": "MIT",
      "dependencies": {
        "@react-hook/passive-layout-effect": "^1.2.0",
        "intersection-observer": "^0.10.0"
      },
      "peerDependencies": {
        "react": ">=16.8"
      }
    },
    "node_modules/@react-hook/passive-layout-effect": {
      "version": "1.2.1",
      "resolved": "https://registry.npmjs.org/@react-hook/passive-layout-effect/-/passive-layout-effect-1.2.1.tgz",
      "integrity": "sha512-IwEphTD75liO8g+6taS+4oqz+nnroocNfWVHWz7j+N+ZO2vYrc6PV1q7GQhuahL0IOR7JccFTsFKQ/mb6iZWAg==",
      "license": "MIT",
      "peerDependencies": {
        "react": ">=16.8"
      }
    },
    "node_modules/@stitches/core": {
      "version": "1.2.8",
      "resolved": "https://registry.npmjs.org/@stitches/core/-/core-1.2.8.tgz",
      "integrity": "sha512-Gfkvwk9o9kE9r9XNBmJRfV8zONvXThnm1tcuojL04Uy5uRyqg93DC83lDebl0rocZCfKSjUv+fWYtMQmEDJldg==",
      "license": "MIT"
    },
    "node_modules/anser": {
      "version": "2.3.5",
      "resolved": "https://registry.npmjs.org/anser/-/anser-2.3.5.tgz",
      "integrity": "sha512-vcZjxvvVoxTeR5XBNJB38oTu/7eDCZlwdz32N1eNgpyPF7j/Z7Idf+CUwQOkKKpJ7RJyjxgLHCM7vdIK0iCNMQ==",
      "license": "MIT"
    },
    "node_modules/asynckit": {
      "version": "0.4.0",
      "resolved": "https://registry.npmjs.org/asynckit/-/asynckit-0.4.0.tgz",
      "integrity": "sha512-Oei9OH4tRh0YqU3GxhX79dM/mwVgvbZJaSNaRk+bshkj0S5cfHcgYakreBjrHwatXKbz+IoIdYLxrKim2MjW0Q==",
      "license": "MIT"
    },
    "node_modules/axios": {
      "version": "1.13.4",
      "resolved": "https://registry.npmjs.org/axios/-/axios-1.13.4.tgz",
      "integrity": "sha512-1wVkUaAO6WyaYtCkcYCOx12ZgpGf9Zif+qXa4n+oYzK558YryKqiL6UWwd5DqiH3VRW0GYhTZQ/vlgJrCoNQlg==",
      "license": "MIT",
      "dependencies": {
        "follow-redirects": "^1.15.6",
        "form-data": "^4.0.4",
        "proxy-from-env": "^1.1.0"
      }
    },
    "node_modules/base64-js": {
      "version": "1.5.1",
      "resolved": "https://registry.npmjs.org/base64-js/-/base64-js-1.5.1.tgz",
      "integrity": "sha512-AKpaYlHn8t4SVbOHCy+b5+KKgvR4vrsD8vbvrbiQJps7fKDTkjkDry6ji0rUJjC0kzbNePLwzxq8iypo41qeWA==",
      "funding": [
        {
          "type": "github",
          "url": "https://github.com/sponsors/feross"
        },
        {
          "type": "patreon",
          "url": "https://www.patreon.com/feross"
        },
        {
          "type": "consulting",
          "url": "https://feross.org/support"
        }
      ],
      "license": "MIT"
    },
    "node_modules/buffer": {
      "version": "6.0.3",
      "resolved": "https://registry.npmjs.org/buffer/-/buffer-6.0.3.tgz",
      "integrity": "sha512-FTiCpNxtwiZZHEZbcbTIcZjERVICn9yq/pDFkTl95/AxzD1naBctN7YO68riM/gLSDY7sdrMby8hofADYuuqOA==",
      "funding": [
        {
          "type": "github",
          "url": "https://github.com/sponsors/feross"
        },
        {
          "type": "patreon",
          "url": "https://www.patreon.com/feross"
        },
        {
          "type": "consulting",
          "url": "https://feross.org/support"
        }
      ],
      "license": "MIT",
      "dependencies": {
        "base64-js": "^1.3.1",
        "ieee754": "^1.2.1"
      }
    },
    "node_modules/call-bind-apply-helpers": {
      "version": "1.0.2",
      "resolved": "https://registry.npmjs.org/call-bind-apply-helpers/-/call-bind-apply-helpers-1.0.2.tgz",
      "integrity": "sha512-Sp1ablJ0ivDkSzjcaJdxEunN5/XvksFJ2sMBFfq6x0ryhQV/2b/KwFe21cMpmHtPOSij8K99/wSfoEuTObmuMQ==",
      "license": "MIT",
      "dependencies": {
        "es-errors": "^1.3.0",
        "function-bind": "^1.1.2"
      },
      "engines": {
        "node": ">= 0.4"
      }
    },
    "node_modules/clean-set": {
      "version": "1.1.2",
      "resolved": "https://registry.npmjs.org/clean-set/-/clean-set-1.1.2.tgz",
      "integrity": "sha512-cA8uCj0qSoG9e0kevyOWXwPaELRPVg5Pxp6WskLMwerx257Zfnh8Nl0JBH59d7wQzij2CK7qEfJQK3RjuKKIug==",
      "license": "MIT"
    },
    "node_modules/clsx": {
      "version": "2.1.1",
      "resolved": "https://registry.npmjs.org/clsx/-/clsx-2.1.1.tgz",
      "integrity": "sha512-eYm0QWBtUrBWZWG0d386OGAw16Z995PiOVo2B7bjWSbHedGl5e0ZWaq65kOGgUSNesEIDkB9ISbTg/JK9dhCZA==",
      "license": "MIT",
      "engines": {
        "node": ">=6"
      }
    },
    "node_modules/combined-stream": {
      "version": "1.0.8",
      "resolved": "https://registry.npmjs.org/combined-stream/-/combined-stream-1.0.8.tgz",
      "integrity": "sha512-FQN4MRfuJeHf7cBbBMJFXhKSDq+2kAArBlmRBvcvFE5BB1HZKXtSFASDhdlz9zOYwxh8lDdnvmMOe/+5cdoEdg==",
      "license": "MIT",
      "dependencies": {
        "delayed-stream": "~1.0.0"
      },
      "engines": {
        "node": ">= 0.8"
      }
    },
    "node_modules/crelt": {
      "version": "1.0.6",
      "resolved": "https://registry.npmjs.org/crelt/-/crelt-1.0.6.tgz",
      "integrity": "sha512-VQ2MBenTq1fWZUH9DJNGti7kKv6EeAuYr3cLwxUWhIu1baTaXh4Ib5W2CqHVqib4/MqbYGJqiL3Zb8GJZr3l4g==",
      "license": "MIT"
    },
    "node_modules/d": {
      "version": "1.0.2",
      "resolved": "https://registry.npmjs.org/d/-/d-1.0.2.tgz",
      "integrity": "sha512-MOqHvMWF9/9MX6nza0KgvFH4HpMU0EF5uUDXqX/BtxtU8NfB0QzRtJ8Oe/6SuS4kbhyzVJwjd97EA4PKrzJ8bw==",
      "license": "ISC",
      "dependencies": {
        "es5-ext": "^0.10.64",
        "type": "^2.7.2"
      },
      "engines": {
        "node": ">=0.12"
      }
    },
    "node_modules/delayed-stream": {
      "version": "1.0.0",
      "resolved": "https://registry.npmjs.org/delayed-stream/-/delayed-stream-1.0.0.tgz",
      "integrity": "sha512-ZySD7Nf91aLB0RxL4KGrKHBXl7Eds1DAmEdcoVawXnLD7SDhpNgtuII2aAkg7a7QS41jxPSZ17p4VdGnMHk3MQ==",
      "license": "MIT",
      "engines": {
        "node": ">=0.4.0"
      }
    },
    "node_modules/dequal": {
      "version": "2.0.3",
      "resolved": "https://registry.npmjs.org/dequal/-/dequal-2.0.3.tgz",
      "integrity": "sha512-0je+qPKHEMohvfRTCEo3CrPG6cAzAYgmzKyxRiYSSDkS6eGJdyVJm7WaYA5ECaAD9wLB2T4EEeymA5aFVcYXCA==",
      "license": "MIT",
      "engines": {
        "node": ">=6"
      }
    },
    "node_modules/dotenv": {
      "version": "16.6.1",
      "resolved": "https://registry.npmjs.org/dotenv/-/dotenv-16.6.1.tgz",
      "integrity": "sha512-uBq4egWHTcTt33a72vpSG0z3HnPuIl6NqYcTrKEg2azoEyl2hpW0zqlxysq2pK9HlDIHyHyakeYaYnSAwd8bow==",
      "license": "BSD-2-Clause",
      "engines": {
        "node": ">=12"
      },
      "funding": {
        "url": "https://dotenvx.com"
      }
    },
    "node_modules/dunder-proto": {
      "version": "1.0.1",
      "resolved": "https://registry.npmjs.org/dunder-proto/-/dunder-proto-1.0.1.tgz",
      "integrity": "sha512-KIN/nDJBQRcXw0MLVhZE9iQHmG68qAVIBg9CqmUYjmQIhgij9U5MFvrqkUL5FbtyyzZuOeOt0zdeRe4UY7ct+A==",
      "license": "MIT",
      "dependencies": {
        "call-bind-apply-helpers": "^1.0.1",
        "es-errors": "^1.3.0",
        "gopd": "^1.2.0"
      },
      "engines": {
        "node": ">= 0.4"
      }
    },
    "node_modules/es-define-property": {
      "version": "1.0.1",
      "resolved": "https://registry.npmjs.org/es-define-property/-/es-define-property-1.0.1.tgz",
      "integrity": "sha512-e3nRfgfUZ4rNGL232gUgX06QNyyez04KdjFrF+LTRoOXmrOgFKDg4BCdsjW8EnT69eqdYGmRpJwiPVYNrCaW3g==",
      "license": "MIT",
      "engines": {
        "node": ">= 0.4"
      }
    },
    "node_modules/es-errors": {
      "version": "1.3.0",
      "resolved": "https://registry.npmjs.org/es-errors/-/es-errors-1.3.0.tgz",
      "integrity": "sha512-Zf5H2Kxt2xjTvbJvP2ZWLEICxA6j+hAmMzIlypy4xcBg1vKVnx89Wy0GbS+kf5cwCVFFzdCFh2XSCFNULS6csw==",
      "license": "MIT",
      "engines": {
        "node": ">= 0.4"
      }
    },
    "node_modules/es-object-atoms": {
      "version": "1.1.1",
      "resolved": "https://registry.npmjs.org/es-object-atoms/-/es-object-atoms-1.1.1.tgz",
      "integrity": "sha512-FGgH2h8zKNim9ljj7dankFPcICIK9Cp5bm+c2gQSYePhpaG5+esrLODihIorn+Pe6FGJzWhXQotPv73jTaldXA==",
      "license": "MIT",
      "dependencies": {
        "es-errors": "^1.3.0"
      },
      "engines": {
        "node": ">= 0.4"
      }
    },
    "node_modules/es-set-tostringtag": {
      "version": "2.1.0",
      "resolved": "https://registry.npmjs.org/es-set-tostringtag/-/es-set-tostringtag-2.1.0.tgz",
      "integrity": "sha512-j6vWzfrGVfyXxge+O0x5sh6cvxAog0a/4Rdd2K36zCMV5eJ+/+tOAngRO8cODMNWbVRdVlmGZQL2YS3yR8bIUA==",
      "license": "MIT",
      "dependencies": {
        "es-errors": "^1.3.0",
        "get-intrinsic": "^1.2.6",
        "has-tostringtag": "^1.0.2",
        "hasown": "^2.0.2"
      },
      "engines": {
        "node": ">= 0.4"
      }
    },
    "node_modules/es5-ext": {
      "version": "0.10.64",
      "resolved": "https://registry.npmjs.org/es5-ext/-/es5-ext-0.10.64.tgz",
      "integrity": "sha512-p2snDhiLaXe6dahss1LddxqEm+SkuDvV8dnIQG0MWjyHpcMNfXKPE+/Cc0y+PhxJX3A4xGNeFCj5oc0BUh6deg==",
      "hasInstallScript": true,
      "license": "ISC",
      "dependencies": {
        "es6-iterator": "^2.0.3",
        "es6-symbol": "^3.1.3",
        "esniff": "^2.0.1",
        "next-tick": "^1.1.0"
      },
      "engines": {
        "node": ">=0.10"
      }
    },
    "node_modules/es6-iterator": {
      "version": "2.0.3",
      "resolved": "https://registry.npmjs.org/es6-iterator/-/es6-iterator-2.0.3.tgz",
      "integrity": "sha512-zw4SRzoUkd+cl+ZoE15A9o1oQd920Bb0iOJMQkQhl3jNc03YqVjAhG7scf9C5KWRU/R13Orf588uCC6525o02g==",
      "license": "MIT",
      "dependencies": {
        "d": "1",
        "es5-ext": "^0.10.35",
        "es6-symbol": "^3.1.1"
      }
    },
    "node_modules/es6-symbol": {
      "version": "3.1.4",
      "resolved": "https://registry.npmjs.org/es6-symbol/-/es6-symbol-3.1.4.tgz",
      "integrity": "sha512-U9bFFjX8tFiATgtkJ1zg25+KviIXpgRvRHS8sau3GfhVzThRQrOeksPeT0BWW2MNZs1OEWJ1DPXOQMn0KKRkvg==",
      "license": "ISC",
      "dependencies": {
        "d": "^1.0.2",
        "ext": "^1.7.0"
      },
      "engines": {
        "node": ">=0.12"
      }
    },
    "node_modules/escape-carriage": {
      "version": "1.3.1",
      "resolved": "https://registry.npmjs.org/escape-carriage/-/escape-carriage-1.3.1.tgz",
      "integrity": "sha512-GwBr6yViW3ttx1kb7/Oh+gKQ1/TrhYwxKqVmg5gS+BK+Qe2KrOa/Vh7w3HPBvgGf0LfcDGoY9I6NHKoA5Hozhw==",
      "license": "MIT"
    },
    "node_modules/esniff": {
      "version": "2.0.1",
      "resolved": "https://registry.npmjs.org/esniff/-/esniff-2.0.1.tgz",
      "integrity": "sha512-kTUIGKQ/mDPFoJ0oVfcmyJn4iBDRptjNVIzwIFR7tqWXdVI9xfA2RMwY/gbSpJG3lkdWNEjLap/NqVHZiJsdfg==",
      "license": "ISC",
      "dependencies": {
        "d": "^1.0.1",
        "es5-ext": "^0.10.62",
        "event-emitter": "^0.3.5",
        "type": "^2.7.2"
      },
      "engines": {
        "node": ">=0.10"
      }
    },
    "node_modules/event-emitter": {
      "version": "0.3.5",
      "resolved": "https://registry.npmjs.org/event-emitter/-/event-emitter-0.3.5.tgz",
      "integrity": "sha512-D9rRn9y7kLPnJ+hMq7S/nhvoKwwvVJahBi2BPmx3bvbsEdK3W9ii8cBSGjP+72/LnM4n6fo3+dkCX5FeTQruXA==",
      "license": "MIT",
      "dependencies": {
        "d": "1",
        "es5-ext": "~0.10.14"
      }
    },
    "node_modules/ext": {
      "version": "1.7.0",
      "resolved": "https://registry.npmjs.org/ext/-/ext-1.7.0.tgz",
      "integrity": "sha512-6hxeJYaL110a9b5TEJSj0gojyHQAmA2ch5Os+ySCiA1QGdS697XWY1pzsrSjqA9LDEEgdB/KypIlR59RcLuHYw==",
      "license": "ISC",
      "dependencies": {
        "type": "^2.7.2"
      }
    },
    "node_modules/follow-redirects": {
      "version": "1.15.11",
      "resolved": "https://registry.npmjs.org/follow-redirects/-/follow-redirects-1.15.11.tgz",
      "integrity": "sha512-deG2P0JfjrTxl50XGCDyfI97ZGVCxIpfKYmfyrQ54n5FO/0gfIES8C/Psl6kWVDolizcaaxZJnTS0QSMxvnsBQ==",
      "funding": [
        {
          "type": "individual",
          "url": "https://github.com/sponsors/RubenVerborgh"
        }
      ],
      "license": "MIT",
      "engines": {
        "node": ">=4.0"
      },
      "peerDependenciesMeta": {
        "debug": {
          "optional": true
        }
      }
    },
    "node_modules/form-data": {
      "version": "4.0.5",
      "resolved": "https://registry.npmjs.org/form-data/-/form-data-4.0.5.tgz",
      "integrity": "sha512-8RipRLol37bNs2bhoV67fiTEvdTrbMUYcFTiy3+wuuOnUog2QBHCZWXDRijWQfAkhBj2Uf5UnVaiWwA5vdd82w==",
      "license": "MIT",
      "dependencies": {
        "asynckit": "^0.4.0",
        "combined-stream": "^1.0.8",
        "es-set-tostringtag": "^2.1.0",
        "hasown": "^2.0.2",
        "mime-types": "^2.1.12"
      },
      "engines": {
        "node": ">= 6"
      }
    },
    "node_modules/framer-motion": {
      "version": "12.29.2",
      "resolved": "https://registry.npmjs.org/framer-motion/-/framer-motion-12.29.2.tgz",
      "integrity": "sha512-lSNRzBJk4wuIy0emYQ/nfZ7eWhqud2umPKw2QAQki6uKhZPKm2hRQHeQoHTG9MIvfobb+A/LbEWPJU794ZUKrg==",
      "license": "MIT",
      "dependencies": {
        "motion-dom": "^12.29.2",
        "motion-utils": "^12.29.2",
        "tslib": "^2.4.0"
      },
      "peerDependencies": {
        "@emotion/is-prop-valid": "*",
        "react": "^18.0.0 || ^19.0.0",
        "react-dom": "^18.0.0 || ^19.0.0"
      },
      "peerDependenciesMeta": {
        "@emotion/is-prop-valid": {
          "optional": true
        },
        "react": {
          "optional": true
        },
        "react-dom": {
          "optional": true
        }
      }
    },
    "node_modules/function-bind": {
      "version": "1.1.2",
      "resolved": "https://registry.npmjs.org/function-bind/-/function-bind-1.1.2.tgz",
      "integrity": "sha512-7XHNxH7qX9xG5mIwxkhumTox/MIRNcOgDrxWsMt2pAr23WHp6MrRlN7FBSFpCpr+oVO0F744iUgR82nJMfG2SA==",
      "license": "MIT",
      "funding": {
        "url": "https://github.com/sponsors/ljharb"
      }
    },
    "node_modules/get-intrinsic": {
      "version": "1.3.0",
      "resolved": "https://registry.npmjs.org/get-intrinsic/-/get-intrinsic-1.3.0.tgz",
      "integrity": "sha512-9fSjSaos/fRIVIp+xSJlE6lfwhES7LNtKaCBIamHsjr2na1BiABJPo0mOjjz8GJDURarmCPGqaiVg5mfjb98CQ==",
      "license": "MIT",
      "dependencies": {
        "call-bind-apply-helpers": "^1.0.2",
        "es-define-property": "^1.0.1",
        "es-errors": "^1.3.0",
        "es-object-atoms": "^1.1.1",
        "function-bind": "^1.1.2",
        "get-proto": "^1.0.1",
        "gopd": "^1.2.0",
        "has-symbols": "^1.1.0",
        "hasown": "^2.0.2",
        "math-intrinsics": "^1.1.0"
      },
      "engines": {
        "node": ">= 0.4"
      },
      "funding": {
        "url": "https://github.com/sponsors/ljharb"
      }
    },
    "node_modules/get-proto": {
      "version": "1.0.1",
      "resolved": "https://registry.npmjs.org/get-proto/-/get-proto-1.0.1.tgz",
      "integrity": "sha512-sTSfBjoXBp89JvIKIefqw7U2CCebsc74kiY6awiGogKtoSGbgjYE/G/+l9sF3MWFPNc9IcoOC4ODfKHfxFmp0g==",
      "license": "MIT",
      "dependencies": {
        "dunder-proto": "^1.0.1",
        "es-object-atoms": "^1.0.0"
      },
      "engines": {
        "node": ">= 0.4"
      }
    },
    "node_modules/gopd": {
      "version": "1.2.0",
      "resolved": "https://registry.npmjs.org/gopd/-/gopd-1.2.0.tgz",
      "integrity": "sha512-ZUKRh6/kUFoAiTAtTYPZJ3hw9wNxx+BIBOijnlG9PnrJsCcSjs1wyyD6vJpaYtgnzDrKYRSqf3OO6Rfa93xsRg==",
      "license": "MIT",
      "engines": {
        "node": ">= 0.4"
      },
      "funding": {
        "url": "https://github.com/sponsors/ljharb"
      }
    },
    "node_modules/has-symbols": {
      "version": "1.1.0",
      "resolved": "https://registry.npmjs.org/has-symbols/-/has-symbols-1.1.0.tgz",
      "integrity": "sha512-1cDNdwJ2Jaohmb3sg4OmKaMBwuC48sYni5HUw2DvsC8LjGTLK9h+eb1X6RyuOHe4hT0ULCW68iomhjUoKUqlPQ==",
      "license": "MIT",
      "engines": {
        "node": ">= 0.4"
      },
      "funding": {
        "url": "https://github.com/sponsors/ljharb"
      }
    },
    "node_modules/has-tostringtag": {
      "version": "1.0.2",
      "resolved": "https://registry.npmjs.org/has-tostringtag/-/has-tostringtag-1.0.2.tgz",
      "integrity": "sha512-NqADB8VjPFLM2V0VvHUewwwsw0ZWBaIdgo+ieHtK3hasLz4qeCRjYcqfB6AQrBggRKppKF8L52/VqdVsO47Dlw==",
      "license": "MIT",
      "dependencies": {
        "has-symbols": "^1.0.3"
      },
      "engines": {
        "node": ">= 0.4"
      },
      "funding": {
        "url": "https://github.com/sponsors/ljharb"
      }
    },
    "node_modules/hasown": {
      "version": "2.0.2",
      "resolved": "https://registry.npmjs.org/hasown/-/hasown-2.0.2.tgz",
      "integrity": "sha512-0hJU9SCPvmMzIBdZFqNPXWa6dqh7WdH0cII9y+CyS8rG3nL48Bclra9HmKhVVUHyPWNH5Y7xDwAB7bfgSjkUMQ==",
      "license": "MIT",
      "dependencies": {
        "function-bind": "^1.1.2"
      },
      "engines": {
        "node": ">= 0.4"
      }
    },
    "node_modules/ieee754": {
      "version": "1.2.1",
      "resolved": "https://registry.npmjs.org/ieee754/-/ieee754-1.2.1.tgz",
      "integrity": "sha512-dcyqhDvX1C46lXZcVqCpK+FtMRQVdIMN6/Df5js2zouUsqG7I6sFxitIC+7KYK29KdXOLHdu9zL4sFnoVQnqaA==",
      "funding": [
        {
          "type": "github",
          "url": "https://github.com/sponsors/feross"
        },
        {
          "type": "patreon",
          "url": "https://www.patreon.com/feross"
        },
        {
          "type": "consulting",
          "url": "https://feross.org/support"
        }
      ],
      "license": "BSD-3-Clause"
    },
    "node_modules/intersection-observer": {
      "version": "0.10.0",
      "resolved": "https://registry.npmjs.org/intersection-observer/-/intersection-observer-0.10.0.tgz",
      "integrity": "sha512-fn4bQ0Xq8FTej09YC/jqKZwtijpvARlRp6wxL5WTA6yPe2YWSJ5RJh7Nm79rK2qB0wr6iDQzH60XGq5V/7u8YQ==",
      "deprecated": "The Intersection Observer polyfill is no longer needed and can safely be removed. Intersection Observer has been Baseline since 2019.",
      "license": "W3C-20150513"
    },
    "node_modules/lucide-react": {
      "version": "0.563.0",
      "resolved": "https://registry.npmjs.org/lucide-react/-/lucide-react-0.563.0.tgz",
      "integrity": "sha512-8dXPB2GI4dI8jV4MgUDGBeLdGk8ekfqVZ0BdLcrRzocGgG75ltNEmWS+gE7uokKF/0oSUuczNDT+g9hFJ23FkA==",
      "license": "ISC",
      "peerDependencies": {
        "react": "^16.5.1 || ^17.0.0 || ^18.0.0 || ^19.0.0"
      }
    },
    "node_modules/lz-string": {
      "version": "1.5.0",
      "resolved": "https://registry.npmjs.org/lz-string/-/lz-string-1.5.0.tgz",
      "integrity": "sha512-h5bgJWpxJNswbU7qCrV0tIKQCaS3blPDrqKWx+QxzuzL1zGUzij9XCWLrSLsJPu5t+eWA/ycetzYAO5IOMcWAQ==",
      "license": "MIT",
      "bin": {
        "lz-string": "bin/bin.js"
      }
    },
    "node_modules/math-intrinsics": {
      "version": "1.1.0",
      "resolved": "https://registry.npmjs.org/math-intrinsics/-/math-intrinsics-1.1.0.tgz",
      "integrity": "sha512-/IXtbwEk5HTPyEwyKX6hGkYXxM9nbj64B+ilVJnC/R6B0pH5G4V3b0pVbL7DBj4tkhBAppbQUlf6F6Xl9LHu1g==",
      "license": "MIT",
      "engines": {
        "node": ">= 0.4"
      }
    },
    "node_modules/mime-db": {
      "version": "1.54.0",
      "resolved": "https://registry.npmjs.org/mime-db/-/mime-db-1.54.0.tgz",
      "integrity": "sha512-aU5EJuIN2WDemCcAp2vFBfp/m4EAhWJnUNSSw0ixs7/kXbd6Pg64EmwJkNdFhB8aWt1sH2CTXrLxo/iAGV3oPQ==",
      "license": "MIT",
      "engines": {
        "node": ">= 0.6"
      }
    },
    "node_modules/mime-types": {
      "version": "2.1.35",
      "resolved": "https://registry.npmjs.org/mime-types/-/mime-types-2.1.35.tgz",
      "integrity": "sha512-ZDY+bPm5zTTF+YpCrAU9nK0UgICYPT0QtT1NZWFv4s++TNkcgVaT0g6+4R2uI4MjQjzysHB1zxuWL50hzaeXiw==",
      "license": "MIT",
      "dependencies": {
        "mime-db": "1.52.0"
      },
      "engines": {
        "node": ">= 0.6"
      }
    },
    "node_modules/mime-types/node_modules/mime-db": {
      "version": "1.52.0",
      "resolved": "https://registry.npmjs.org/mime-db/-/mime-db-1.52.0.tgz",
      "integrity": "sha512-sPU4uV7dYlvtWJxwwxHD0PuihVNiE7TyAbQ5SWxDCB9mUYvOgroQOwYQQOKPJ8CIbE+1ETVlOoK1UC2nU3gYvg==",
      "license": "MIT",
      "engines": {
        "node": ">= 0.6"
      }
    },
    "node_modules/motion-dom": {
      "version": "12.29.2",
      "resolved": "https://registry.npmjs.org/motion-dom/-/motion-dom-12.29.2.tgz",
      "integrity": "sha512-/k+NuycVV8pykxyiTCoFzIVLA95Nb1BFIVvfSu9L50/6K6qNeAYtkxXILy/LRutt7AzaYDc2myj0wkCVVYAPPA==",
      "license": "MIT",
      "dependencies": {
        "motion-utils": "^12.29.2"
      }
    },
    "node_modules/motion-utils": {
      "version": "12.29.2",
      "resolved": "https://registry.npmjs.org/motion-utils/-/motion-utils-12.29.2.tgz",
      "integrity": "sha512-G3kc34H2cX2gI63RqU+cZq+zWRRPSsNIOjpdl9TN4AQwC4sgwYPl/Q/Obf/d53nOm569T0fYK+tcoSV50BWx8A==",
      "license": "MIT"
    },
    "node_modules/next-tick": {
      "version": "1.1.0",
      "resolved": "https://registry.npmjs.org/next-tick/-/next-tick-1.1.0.tgz",
      "integrity": "sha512-CXdUiJembsNjuToQvxayPZF9Vqht7hewsvy2sOWafLvi2awflj9mOC6bHIg50orX8IJvWKY9wYQ/zB2kogPslQ==",
      "license": "ISC"
    },
    "node_modules/outvariant": {
      "version": "1.4.0",
      "resolved": "https://registry.npmjs.org/outvariant/-/outvariant-1.4.0.tgz",
      "integrity": "sha512-AlWY719RF02ujitly7Kk/0QlV+pXGFDHrHf9O2OKqyqgBieaPOIeuSkL8sRK6j2WK+/ZAURq2kZsY0d8JapUiw==",
      "license": "MIT"
    },
    "node_modules/proxy-from-env": {
      "version": "1.1.0",
      "resolved": "https://registry.npmjs.org/proxy-from-env/-/proxy-from-env-1.1.0.tgz",
      "integrity": "sha512-D+zkORCbA9f1tdWRK0RaCR3GPv50cMxcrz4X8k5LTSUD1Dkw47mKJEZQNunItRTkWwgtaUSo1RVFRIG9ZXiFYg==",
      "license": "MIT"
    },
    "node_modules/react-devtools-inline": {
      "version": "4.4.0",
      "resolved": "https://registry.npmjs.org/react-devtools-inline/-/react-devtools-inline-4.4.0.tgz",
      "integrity": "sha512-ES0GolSrKO8wsKbsEkVeiR/ZAaHQTY4zDh1UW8DImVmm8oaGLl3ijJDvSGe+qDRKPZdPRnDtWWnSvvrgxXdThQ==",
      "license": "MIT",
      "dependencies": {
        "es6-symbol": "^3"
      }
    },
    "node_modules/react-is": {
      "version": "17.0.2",
      "resolved": "https://registry.npmjs.org/react-is/-/react-is-17.0.2.tgz",
      "integrity": "sha512-w2GsyukL62IJnlaff/nRegPQR94C/XXamvMWmSHRJ4y7Ts/4ocGRmTHvOs8PSE6pB3dWOrD/nueuU5sduBsQ4w==",
      "license": "MIT"
    },
    "node_modules/static-browser-server": {
      "version": "1.0.3",
      "resolved": "https://registry.npmjs.org/static-browser-server/-/static-browser-server-1.0.3.tgz",
      "integrity": "sha512-ZUyfgGDdFRbZGGJQ1YhiM930Yczz5VlbJObrQLlk24+qNHVQx4OlLcYswEUo3bIyNAbQUIUR9Yr5/Hqjzqb4zA==",
      "license": "Apache-2.0",
      "dependencies": {
        "@open-draft/deferred-promise": "^2.1.0",
        "dotenv": "^16.0.3",
        "mime-db": "^1.52.0",
        "outvariant": "^1.3.0"
      }
    },
    "node_modules/strict-event-emitter": {
      "version": "0.4.6",
      "resolved": "https://registry.npmjs.org/strict-event-emitter/-/strict-event-emitter-0.4.6.tgz",
      "integrity": "sha512-12KWeb+wixJohmnwNFerbyiBrAlq5qJLwIt38etRtKtmmHyDSoGlIqFE9wx+4IwG0aDjI7GV8tc8ZccjWZZtTg==",
      "license": "MIT"
    },
    "node_modules/style-mod": {
      "version": "4.1.3",
      "resolved": "https://registry.npmjs.org/style-mod/-/style-mod-4.1.3.tgz",
      "integrity": "sha512-i/n8VsZydrugj3Iuzll8+x/00GH2vnYsk1eomD8QiRrSAeW6ItbCQDtfXCeJHd0iwiNagqjQkvpvREEPtW3IoQ==",
      "license": "MIT"
    },
    "node_modules/tailwind-merge": {
      "version": "3.4.0",
      "resolved": "https://registry.npmjs.org/tailwind-merge/-/tailwind-merge-3.4.0.tgz",
      "integrity": "sha512-uSaO4gnW+b3Y2aWoWfFpX62vn2sR3skfhbjsEnaBI81WD1wBLlHZe5sWf0AqjksNdYTbGBEd0UasQMT3SNV15g==",
      "license": "MIT",
      "funding": {
        "type": "github",
        "url": "https://github.com/sponsors/dcastil"
      }
    },
    "node_modules/tslib": {
      "version": "2.8.1",
      "resolved": "https://registry.npmjs.org/tslib/-/tslib-2.8.1.tgz",
      "integrity": "sha512-oJFu94HQb+KVduSUQL7wnpmqnfmLsOA/nAh6b6EH0wCEoK0/mPeXU6c3wKDV83MkOuHPRHtSXKKU99IBazS/2w==",
      "license": "0BSD"
    },
    "node_modules/type": {
      "version": "2.7.3",
      "resolved": "https://registry.npmjs.org/type/-/type-2.7.3.tgz",
      "integrity": "sha512-8j+1QmAbPvLZow5Qpi6NCaN8FB60p/6x8/vfNqOk/hC+HuvFZhL4+WfekuhQLiqFZXOgQdrs3B+XxEmCc6b3FQ==",
      "license": "ISC"
    },
    "node_modules/w3c-keyname": {
      "version": "2.2.8",
      "resolved": "https://registry.npmjs.org/w3c-keyname/-/w3c-keyname-2.2.8.tgz",
      "integrity": "sha512-dpojBhNsCNN7T82Tm7k26A6G9ML3NkhDsnw9n/eoxSRlVBB4CEtIQ/KTCLI2Fwf3ataSXRhYFkQi3SlnFwPvPQ==",
      "license": "MIT"
    }
  }
}
